
Microsoft Visual Studio Solution File, Format Version 12.00
# Visual Studio 15
VisualStudioVersion = 15.0.27703.2000
MinimumVisualStudioVersion = 10.0.40219.1
Project("{FAE04EC0-301F-11D3-BF4B-00C04F79EFBC}") = "tmapes-metro-consumption", "tmapes-metro-consumption\tmapes-metro-consumption.csproj", "{5AC85E05-04C5-49B6-85B5-F5FE21C1FBBC}"
EndProject
Global
	GlobalSection(SolutionConfigurationPlatforms) = preSolution
		Debug|Any CPU = Debug|Any CPU
		Release|Any CPU = Release|Any CPU
	EndGlobalSection
	GlobalSection(ProjectConfigurationPlatforms) = postSolution
		{5AC85E05-04C5-49B6-85B5-F5FE21C1FBBC}.Debug|Any CPU.ActiveCfg = Debug|Any CPU
		{5AC85E05-04C5-49B6-85B5-F5FE21C1FBBC}.Debug|Any CPU.Build.0 = Debug|Any CPU
		{5AC85E05-04C5-49B6-85B5-F5FE21C1FBBC}.Release|Any CPU.ActiveCfg = Release|Any CPU
		{5AC85E05-04C5-49B6-85B5-F5FE21C1FBBC}.Release|Any CPU.Build.0 = Release|Any CPU
	EndGlobalSection
	GlobalSection(SolutionProperties) = preSolution
		HideSolutionNode = FALSE
	EndGlobalSection
	GlobalSection(ExtensibilityGlobals) = postSolution
		SolutionGuid = {5F84FF2D-414C-42FE-A616-C3E90B83010A}
	EndGlobalSection
EndGlobal
